uuid: 3c8c5436-42e8-4411-b42b-e21ab6b062e4
langcode: fr
status: false
dependencies:
  module:
    - audiodescription
  theme:
    - ad_theme
id: ad_search_contact_block
theme: ad_theme
region: not_displayed
weight: -5
provider: null
plugin: search_contact_block
settings:
  id: search_contact_block
  label: '[SEARCH] Contact block'
  label_display: '0'
  provider: audiodescription
visibility: {  }
