uuid: 245ad8f7-875c-4cd8-b7fe-2f95d90a8ce3
langcode: fr
status: false
dependencies:
  module:
    - audiodescription
  theme:
    - ad_theme
id: ad_hp_near_end_free_movies_block
theme: ad_theme
region: not_displayed
weight: 0
provider: null
plugin: hp_near_end_free_movies_block
settings:
  id: hp_near_end_free_movies_block
  label: 'Films gratuits qui expirent bientôt'
  label_display: '0'
  provider: audiodescription
visibility: {  }
