uuid: bd7ca0e5-1ba5-4ad4-9ab7-920be3d11283
langcode: fr
status: true
dependencies:
  module:
    - audiodescription
  theme:
    - ad_theme
id: ad_header_search_form_block
theme: ad_theme
region: header_tools_search
weight: 0
provider: null
plugin: header_search_form_block
settings:
  id: header_search_form_block
  label: '[Header - Tools search] Formulaire de recherche'
  label_display: '0'
  provider: audiodescription
visibility: {  }
