uuid: 6ad7c745-8069-4a93-9f91-aa3346f3f04f
langcode: fr
status: false
dependencies:
  module:
    - audiodescription
  theme:
    - ad_theme
id: ad_movies_contact_block
theme: ad_theme
region: not_displayed
weight: -7
provider: null
plugin: movies_contact_block
settings:
  id: movies_contact_block
  label: '[MOVIES] Contact Block'
  label_display: '0'
  provider: audiodescription
visibility: {  }
